// !$*UTF8*$!
{
	archiveVersion = 1;
	classes = {
	};
	objectVersion = 56;
	objects = {

/* Begin PBXBuildFile section */
		8A0ECC852A278732005B5B80 /* Date.swift in Sources */ = {isa = PBXBuildFile; fileRef = 8A0ECC842A278732005B5B80 /* Date.swift */; };
		8ACE96132A2643C70050C54D /* Macarronada.xcdatamodeld in Sources */ = {isa = PBXBuildFile; fileRef = 8ACE96112A2643C70050C54D /* Macarronada.xcdatamodeld */; };
		8ACE96152A2644610050C54D /* PersistentStore.swift in Sources */ = {isa = PBXBuildFile; fileRef = 8ACE96142A2644610050C54D /* PersistentStore.swift */; };
		8AF8A9222A20F1B40024C505 /* CustomSegmentedControl.swift in Sources */ = {isa = PBXBuildFile; fileRef = 8AF8A9212A20F1B40024C505 /* CustomSegmentedControl.swift */; };
		E9319A9D2A20E7DD00DC635E /* Placeholder.swift in Sources */ = {isa = PBXBuildFile; fileRef = E9319A9C2A20E7DD00DC635E /* Placeholder.swift */; };
		E9319A9F2A20EAA200DC635E /* ShiftLine.swift in Sources */ = {isa = PBXBuildFile; fileRef = E9319A9E2A20EAA200DC635E /* ShiftLine.swift */; };
		E9319AA12A20ED9300DC635E /* ListRow.swift in Sources */ = {isa = PBXBuildFile; fileRef = E9319AA02A20ED9300DC635E /* ListRow.swift */; };
		E9319AA32A20F0B700DC635E /* PreviewProvider.swift in Sources */ = {isa = PBXBuildFile; fileRef = E9319AA22A20F0B700DC635E /* PreviewProvider.swift */; };
		E94A331A2A1F920F00C39E2F /* Color.swift in Sources */ = {isa = PBXBuildFile; fileRef = E94A33192A1F920F00C39E2F /* Color.swift */; };
		E94A331C2A1F93A600C39E2F /* Assignment.swift in Sources */ = {isa = PBXBuildFile; fileRef = E94A331B2A1F93A600C39E2F /* Assignment.swift */; };
		E94A33202A1F94A400C39E2F /* Shifts.swift in Sources */ = {isa = PBXBuildFile; fileRef = E94A331F2A1F94A400C39E2F /* Shifts.swift */; };
		E94A33252A1F996600C39E2F /* HomeView.swift in Sources */ = {isa = PBXBuildFile; fileRef = E94A33242A1F996600C39E2F /* HomeView.swift */; };
		E94E5D762A24CC6100EB20ED /* RemainingTasks.swift in Sources */ = {isa = PBXBuildFile; fileRef = E94E5D752A24CC6100EB20ED /* RemainingTasks.swift */; };
		E94E5D782A24D0C100EB20ED /* FreeTimeModal.swift in Sources */ = {isa = PBXBuildFile; fileRef = E94E5D772A24D0C100EB20ED /* FreeTimeModal.swift */; };
		E9B066E92A1D08F200BDDA48 /* ChallengeMacarronadaApp.swift in Sources */ = {isa = PBXBuildFile; fileRef = E9B066E82A1D08F200BDDA48 /* ChallengeMacarronadaApp.swift */; };
		E9B066ED2A1D08F300BDDA48 /* Assets.xcassets in Resources */ = {isa = PBXBuildFile; fileRef = E9B066EC2A1D08F300BDDA48 /* Assets.xcassets */; };
		E9B066F02A1D08F300BDDA48 /* Preview Assets.xcassets in Resources */ = {isa = PBXBuildFile; fileRef = E9B066EF2A1D08F300BDDA48 /* Preview Assets.xcassets */; };
/* End PBXBuildFile section */

/* Begin PBXFileReference section */
		8A0ECC842A278732005B5B80 /* Date.swift */ = {isa = PBXFileReference; lastKnownFileType = sourcecode.swift; path = Date.swift; sourceTree = "<group>"; };
		8A0ECC862A2795EA005B5B80 /* Info.plist */ = {isa = PBXFileReference; lastKnownFileType = text.plist; path = Info.plist; sourceTree = "<group>"; };
		8ACE96122A2643C70050C54D /* Macarronada.xcdatamodel */ = {isa = PBXFileReference; lastKnownFileType = wrapper.xcdatamodel; path = Macarronada.xcdatamodel; sourceTree = "<group>"; };
		8ACE96142A2644610050C54D /* PersistentStore.swift */ = {isa = PBXFileReference; lastKnownFileType = sourcecode.swift; path = PersistentStore.swift; sourceTree = "<group>"; };
		8AF8A9212A20F1B40024C505 /* CustomSegmentedControl.swift */ = {isa = PBXFileReference; lastKnownFileType = sourcecode.swift; path = CustomSegmentedControl.swift; sourceTree = SOURCE_ROOT; };
		E9319A9C2A20E7DD00DC635E /* Placeholder.swift */ = {isa = PBXFileReference; lastKnownFileType = sourcecode.swift; path = Placeholder.swift; sourceTree = "<group>"; };
		E9319A9E2A20EAA200DC635E /* ShiftLine.swift */ = {isa = PBXFileReference; lastKnownFileType = sourcecode.swift; path = ShiftLine.swift; sourceTree = "<group>"; };
		E9319AA02A20ED9300DC635E /* ListRow.swift */ = {isa = PBXFileReference; lastKnownFileType = sourcecode.swift; path = ListRow.swift; sourceTree = "<group>"; };
		E9319AA22A20F0B700DC635E /* PreviewProvider.swift */ = {isa = PBXFileReference; lastKnownFileType = sourcecode.swift; path = PreviewProvider.swift; sourceTree = "<group>"; };
		E94A33192A1F920F00C39E2F /* Color.swift */ = {isa = PBXFileReference; lastKnownFileType = sourcecode.swift; path = Color.swift; sourceTree = "<group>"; };
		E94A331B2A1F93A600C39E2F /* Assignment.swift */ = {isa = PBXFileReference; lastKnownFileType = sourcecode.swift; path = Assignment.swift; sourceTree = "<group>"; };
		E94A331F2A1F94A400C39E2F /* Shifts.swift */ = {isa = PBXFileReference; lastKnownFileType = sourcecode.swift; path = Shifts.swift; sourceTree = "<group>"; };
		E94A33242A1F996600C39E2F /* HomeView.swift */ = {isa = PBXFileReference; lastKnownFileType = sourcecode.swift; path = HomeView.swift; sourceTree = "<group>"; };
		E94E5D752A24CC6100EB20ED /* RemainingTasks.swift */ = {isa = PBXFileReference; lastKnownFileType = sourcecode.swift; path = RemainingTasks.swift; sourceTree = "<group>"; };
		E94E5D772A24D0C100EB20ED /* FreeTimeModal.swift */ = {isa = PBXFileReference; lastKnownFileType = sourcecode.swift; path = FreeTimeModal.swift; sourceTree = "<group>"; };
		E9B066E52A1D08F200BDDA48 /* ChallengeMacarronada.app */ = {isa = PBXFileReference; explicitFileType = wrapper.application; includeInIndex = 0; path = ChallengeMacarronada.app; sourceTree = BUILT_PRODUCTS_DIR; };
		E9B066E82A1D08F200BDDA48 /* ChallengeMacarronadaApp.swift */ = {isa = PBXFileReference; lastKnownFileType = sourcecode.swift; path = ChallengeMacarronadaApp.swift; sourceTree = "<group>"; };
		E9B066EC2A1D08F300BDDA48 /* Assets.xcassets */ = {isa = PBXFileReference; lastKnownFileType = folder.assetcatalog; path = Assets.xcassets; sourceTree = "<group>"; };
		E9B066EF2A1D08F300BDDA48 /* Preview Assets.xcassets */ = {isa = PBXFileReference; lastKnownFileType = folder.assetcatalog; path = "Preview Assets.xcassets"; sourceTree = "<group>"; };
		E9B066F12A1D08F300BDDA48 /* ChallengeMacarronada.entitlements */ = {isa = PBXFileReference; lastKnownFileType = text.plist.entitlements; path = ChallengeMacarronada.entitlements; sourceTree = "<group>"; };
/* End PBXFileReference section */

/* Begin PBXFrameworksBuildPhase section */
		E9B066E22A1D08F200BDDA48 /* Frameworks */ = {
			isa = PBXFrameworksBuildPhase;
			buildActionMask = 2147483647;
			files = (
			);
			runOnlyForDeploymentPostprocessing = 0;
		};
/* End PBXFrameworksBuildPhase section */

/* Begin PBXGroup section */
		E9319A992A20E51800DC635E /* ViewModifiers */ = {
			isa = PBXGroup;
			children = (
				E9319A9C2A20E7DD00DC635E /* Placeholder.swift */,
			);
			path = ViewModifiers;
			sourceTree = "<group>";
		};
		E94A331E2A1F949500C39E2F /* Enums */ = {
			isa = PBXGroup;
			children = (
				E94A331F2A1F94A400C39E2F /* Shifts.swift */,
			);
			path = Enums;
			sourceTree = "<group>";
		};
		E94A33212A1F993300C39E2F /* HomeView */ = {
			isa = PBXGroup;
			children = (
				E94A33222A1F994400C39E2F /* Views */,
				E94A33232A1F994A00C39E2F /* ViewModel */,
			);
			path = HomeView;
			sourceTree = "<group>";
		};
		E94A33222A1F994400C39E2F /* Views */ = {
			isa = PBXGroup;
			children = (
				E94A33242A1F996600C39E2F /* HomeView.swift */,
				E9319A9E2A20EAA200DC635E /* ShiftLine.swift */,
				E9319AA02A20ED9300DC635E /* ListRow.swift */,
			);
			path = Views;
			sourceTree = "<group>";
		};
		E94A33232A1F994A00C39E2F /* ViewModel */ = {
			isa = PBXGroup;
			children = (
				8ACE96142A2644610050C54D /* PersistentStore.swift */,
			);
			path = ViewModel;
			sourceTree = "<group>";
		};
		E94E5D742A24CBEB00EB20ED /* PopUps */ = {
			isa = PBXGroup;
			children = (
				E94E5D752A24CC6100EB20ED /* RemainingTasks.swift */,
				E94E5D772A24D0C100EB20ED /* FreeTimeModal.swift */,
			);
			path = PopUps;
			sourceTree = "<group>";
		};
		E9B066DC2A1D08F200BDDA48 = {
			isa = PBXGroup;
			children = (
				8ACE96112A2643C70050C54D /* Macarronada.xcdatamodeld */,
				E9B066E72A1D08F200BDDA48 /* ChallengeMacarronada */,
				E9B066E62A1D08F200BDDA48 /* Products */,
			);
			sourceTree = "<group>";
		};
		E9B066E62A1D08F200BDDA48 /* Products */ = {
			isa = PBXGroup;
			children = (
				E9B066E52A1D08F200BDDA48 /* ChallengeMacarronada.app */,
			);
			name = Products;
			sourceTree = "<group>";
		};
		E9B066E72A1D08F200BDDA48 /* ChallengeMacarronada */ = {
			isa = PBXGroup;
			children = (
				8A0ECC862A2795EA005B5B80 /* Info.plist */,
				E9B066E82A1D08F200BDDA48 /* ChallengeMacarronadaApp.swift */,
				E9B066F82A1D094E00BDDA48 /* Model */,
				E9B066FB2A1D096E00BDDA48 /* Components */,
				E9B066F72A1D092600BDDA48 /* Core */,
				E9B066FC2A1D097700BDDA48 /* Services */,
				E9B066FA2A1D096400BDDA48 /* Extentions */,
				E9B066F92A1D095A00BDDA48 /* Utilities */,
				E9B066EC2A1D08F300BDDA48 /* Assets.xcassets */,
				E9B066F12A1D08F300BDDA48 /* ChallengeMacarronada.entitlements */,
				E9B066EE2A1D08F300BDDA48 /* Preview Content */,
			);
			path = ChallengeMacarronada;
			sourceTree = "<group>";
		};
		E9B066EE2A1D08F300BDDA48 /* Preview Content */ = {
			isa = PBXGroup;
			children = (
				E9B066EF2A1D08F300BDDA48 /* Preview Assets.xcassets */,
			);
			path = "Preview Content";
			sourceTree = "<group>";
		};
		E9B066F72A1D092600BDDA48 /* Core */ = {
			isa = PBXGroup;
			children = (
				E94E5D742A24CBEB00EB20ED /* PopUps */,
				E94A33212A1F993300C39E2F /* HomeView */,
			);
			path = Core;
			sourceTree = "<group>";
		};
		E9B066F82A1D094E00BDDA48 /* Model */ = {
			isa = PBXGroup;
			children = (
				E94A331B2A1F93A600C39E2F /* Assignment.swift */,
			);
			path = Model;
			sourceTree = "<group>";
		};
		E9B066F92A1D095A00BDDA48 /* Utilities */ = {
			isa = PBXGroup;
			children = (
				E9319A992A20E51800DC635E /* ViewModifiers */,
				E94A331E2A1F949500C39E2F /* Enums */,
			);
			path = Utilities;
			sourceTree = "<group>";
		};
		E9B066FA2A1D096400BDDA48 /* Extentions */ = {
			isa = PBXGroup;
			children = (
				E94A33192A1F920F00C39E2F /* Color.swift */,
				E9319AA22A20F0B700DC635E /* PreviewProvider.swift */,
				8A0ECC842A278732005B5B80 /* Date.swift */,
			);
			path = Extentions;
			sourceTree = "<group>";
		};
		E9B066FB2A1D096E00BDDA48 /* Components */ = {
			isa = PBXGroup;
			children = (
				8AF8A9212A20F1B40024C505 /* CustomSegmentedControl.swift */,
			);
			path = Components;
			sourceTree = "<group>";
		};
		E9B066FC2A1D097700BDDA48 /* Services */ = {
			isa = PBXGroup;
			children = (
			);
			path = Services;
			sourceTree = "<group>";
		};
/* End PBXGroup section */

/* Begin PBXNativeTarget section */
		E9B066E42A1D08F200BDDA48 /* ChallengeMacarronada */ = {
			isa = PBXNativeTarget;
			buildConfigurationList = E9B066F42A1D08F300BDDA48 /* Build configuration list for PBXNativeTarget "ChallengeMacarronada" */;
			buildPhases = (
				E9B066E12A1D08F200BDDA48 /* Sources */,
				E9B066E22A1D08F200BDDA48 /* Frameworks */,
				E9B066E32A1D08F200BDDA48 /* Resources */,
			);
			buildRules = (
			);
			dependencies = (
			);
			name = ChallengeMacarronada;
			productName = ChallengeMacarronada;
			productReference = E9B066E52A1D08F200BDDA48 /* ChallengeMacarronada.app */;
			productType = "com.apple.product-type.application";
		};
/* End PBXNativeTarget section */

/* Begin PBXProject section */
		E9B066DD2A1D08F200BDDA48 /* Project object */ = {
			isa = PBXProject;
			attributes = {
				BuildIndependentTargetsInParallel = 1;
				LastSwiftUpdateCheck = 1430;
				LastUpgradeCheck = 1430;
				TargetAttributes = {
					E9B066E42A1D08F200BDDA48 = {
						CreatedOnToolsVersion = 14.3;
					};
				};
			};
			buildConfigurationList = E9B066E02A1D08F200BDDA48 /* Build configuration list for PBXProject "ChallengeMacarronada" */;
			compatibilityVersion = "Xcode 14.0";
			developmentRegion = en;
			hasScannedForEncodings = 0;
			knownRegions = (
				en,
				Base,
			);
			mainGroup = E9B066DC2A1D08F200BDDA48;
			productRefGroup = E9B066E62A1D08F200BDDA48 /* Products */;
			projectDirPath = "";
			projectRoot = "";
			targets = (
				E9B066E42A1D08F200BDDA48 /* ChallengeMacarronada */,
			);
		};
/* End PBXProject section */

/* Begin PBXResourcesBuildPhase section */
		E9B066E32A1D08F200BDDA48 /* Resources */ = {
			isa = PBXResourcesBuildPhase;
			buildActionMask = 2147483647;
			files = (
				E9B066F02A1D08F300BDDA48 /* Preview Assets.xcassets in Resources */,
				E9B066ED2A1D08F300BDDA48 /* Assets.xcassets in Resources */,
			);
			runOnlyForDeploymentPostprocessing = 0;
		};
/* End PBXResourcesBuildPhase section */

/* Begin PBXSourcesBuildPhase section */
		E9B066E12A1D08F200BDDA48 /* Sources */ = {
			isa = PBXSourcesBuildPhase;
			buildActionMask = 2147483647;
			files = (
				E94E5D782A24D0C100EB20ED /* FreeTimeModal.swift in Sources */,
				8AF8A9222A20F1B40024C505 /* CustomSegmentedControl.swift in Sources */,
				E9319A9F2A20EAA200DC635E /* ShiftLine.swift in Sources */,
				8A0ECC852A278732005B5B80 /* Date.swift in Sources */,
				E94A331C2A1F93A600C39E2F /* Assignment.swift in Sources */,
				E9B066E92A1D08F200BDDA48 /* ChallengeMacarronadaApp.swift in Sources */,
				E94A33252A1F996600C39E2F /* HomeView.swift in Sources */,
				E94A33202A1F94A400C39E2F /* Shifts.swift in Sources */,
				E94E5D762A24CC6100EB20ED /* RemainingTasks.swift in Sources */,
				E94A331A2A1F920F00C39E2F /* Color.swift in Sources */,
				E9319A9D2A20E7DD00DC635E /* Placeholder.swift in Sources */,
				8ACE96152A2644610050C54D /* PersistentStore.swift in Sources */,
				E9319AA12A20ED9300DC635E /* ListRow.swift in Sources */,
				E9319AA32A20F0B700DC635E /* PreviewProvider.swift in Sources */,
				8ACE96132A2643C70050C54D /* Macarronada.xcdatamodeld in Sources */,
			);
			runOnlyForDeploymentPostprocessing = 0;
		};
/* End PBXSourcesBuildPhase section */

/* Begin XCBuildConfiguration section */
		E9B066F22A1D08F300BDDA48 /* Debug */ = {
			isa = XCBuildConfiguration;
			buildSettings = {
				ALWAYS_SEARCH_USER_PATHS = NO;
				CLANG_ANALYZER_NONNULL = YES;
				CLANG_ANALYZER_NUMBER_OBJECT_CONVERSION = YES_AGGRESSIVE;
				CLANG_CXX_LANGUAGE_STANDARD = "gnu++20";
				CLANG_ENABLE_MODULES = YES;
				CLANG_ENABLE_OBJC_ARC = YES;
				CLANG_ENABLE_OBJC_WEAK = YES;
				CLANG_WARN_BLOCK_CAPTURE_AUTORELEASING = YES;
				CLANG_WARN_BOOL_CONVERSION = YES;
				CLANG_WARN_COMMA = YES;
				CLANG_WARN_CONSTANT_CONVERSION = YES;
				CLANG_WARN_DEPRECATED_OBJC_IMPLEMENTATIONS = YES;
				CLANG_WARN_DIRECT_OBJC_ISA_USAGE = YES_ERROR;
				CLANG_WARN_DOCUMENTATION_COMMENTS = YES;
				CLANG_WARN_EMPTY_BODY = YES;
				CLANG_WARN_ENUM_CONVERSION = YES;
				CLANG_WARN_INFINITE_RECURSION = YES;
				CLANG_WARN_INT_CONVERSION = YES;
				CLANG_WARN_NON_LITERAL_NULL_CONVERSION = YES;
				CLANG_WARN_OBJC_IMPLICIT_RETAIN_SELF = YES;
				CLANG_WARN_OBJC_LITERAL_CONVERSION = YES;
				CLANG_WARN_OBJC_ROOT_CLASS = YES_ERROR;
				CLANG_WARN_QUOTED_INCLUDE_IN_FRAMEWORK_HEADER = YES;
				CLANG_WARN_RANGE_LOOP_ANALYSIS = YES;
				CLANG_WARN_STRICT_PROTOTYPES = YES;
				CLANG_WARN_SUSPICIOUS_MOVE = YES;
				CLANG_WARN_UNGUARDED_AVAILABILITY = YES_AGGRESSIVE;
				CLANG_WARN_UNREACHABLE_CODE = YES;
				CLANG_WARN__DUPLICATE_METHOD_MATCH = YES;
				COPY_PHASE_STRIP = NO;
				DEBUG_INFORMATION_FORMAT = dwarf;
				ENABLE_STRICT_OBJC_MSGSEND = YES;
				ENABLE_TESTABILITY = YES;
				GCC_C_LANGUAGE_STANDARD = gnu11;
				GCC_DYNAMIC_NO_PIC = NO;
				GCC_NO_COMMON_BLOCKS = YES;
				GCC_OPTIMIZATION_LEVEL = 0;
				GCC_PREPROCESSOR_DEFINITIONS = (
					"DEBUG=1",
					"$(inherited)",
				);
				GCC_WARN_64_TO_32_BIT_CONVERSION = YES;
				GCC_WARN_ABOUT_RETURN_TYPE = YES_ERROR;
				GCC_WARN_UNDECLARED_SELECTOR = YES;
				GCC_WARN_UNINITIALIZED_AUTOS = YES_AGGRESSIVE;
				GCC_WARN_UNUSED_FUNCTION = YES;
				GCC_WARN_UNUSED_VARIABLE = YES;
				MACOSX_DEPLOYMENT_TARGET = 13.0;
				MTL_ENABLE_DEBUG_INFO = INCLUDE_SOURCE;
				MTL_FAST_MATH = YES;
				ONLY_ACTIVE_ARCH = YES;
				SDKROOT = macosx;
				SWIFT_ACTIVE_COMPILATION_CONDITIONS = DEBUG;
				SWIFT_OPTIMIZATION_LEVEL = "-Onone";
			};
			name = Debug;
		};
		E9B066F32A1D08F300BDDA48 /* Release */ = {
			isa = XCBuildConfiguration;
			buildSettings = {
				ALWAYS_SEARCH_USER_PATHS = NO;
				CLANG_ANALYZER_NONNULL = YES;
				CLANG_ANALYZER_NUMBER_OBJECT_CONVERSION = YES_AGGRESSIVE;
				CLANG_CXX_LANGUAGE_STANDARD = "gnu++20";
				CLANG_ENABLE_MODULES = YES;
				CLANG_ENABLE_OBJC_ARC = YES;
				CLANG_ENABLE_OBJC_WEAK = YES;
				CLANG_WARN_BLOCK_CAPTURE_AUTORELEASING = YES;
				CLANG_WARN_BOOL_CONVERSION = YES;
				CLANG_WARN_COMMA = YES;
				CLANG_WARN_CONSTANT_CONVERSION = YES;
				CLANG_WARN_DEPRECATED_OBJC_IMPLEMENTATIONS = YES;
				CLANG_WARN_DIRECT_OBJC_ISA_USAGE = YES_ERROR;
				CLANG_WARN_DOCUMENTATION_COMMENTS = YES;
				CLANG_WARN_EMPTY_BODY = YES;
				CLANG_WARN_ENUM_CONVERSION = YES;
				CLANG_WARN_INFINITE_RECURSION = YES;
				CLANG_WARN_INT_CONVERSION = YES;
				CLANG_WARN_NON_LITERAL_NULL_CONVERSION = YES;
				CLANG_WARN_OBJC_IMPLICIT_RETAIN_SELF = YES;
				CLANG_WARN_OBJC_LITERAL_CONVERSION = YES;
				CLANG_WARN_OBJC_ROOT_CLASS = YES_ERROR;
				CLANG_WARN_QUOTED_INCLUDE_IN_FRAMEWORK_HEADER = YES;
				CLANG_WARN_RANGE_LOOP_ANALYSIS = YES;
				CLANG_WARN_STRICT_PROTOTYPES = YES;
				CLANG_WARN_SUSPICIOUS_MOVE = YES;
				CLANG_WARN_UNGUARDED_AVAILABILITY = YES_AGGRESSIVE;
				CLANG_WARN_UNREACHABLE_CODE = YES;
				CLANG_WARN__DUPLICATE_METHOD_MATCH = YES;
				COPY_PHASE_STRIP = NO;
				DEBUG_INFORMATION_FORMAT = "dwarf-with-dsym";
				ENABLE_NS_ASSERTIONS = NO;
				ENABLE_STRICT_OBJC_MSGSEND = YES;
				GCC_C_LANGUAGE_STANDARD = gnu11;
				GCC_NO_COMMON_BLOCKS = YES;
				GCC_WARN_64_TO_32_BIT_CONVERSION = YES;
				GCC_WARN_ABOUT_RETURN_TYPE = YES_ERROR;
				GCC_WARN_UNDECLARED_SELECTOR = YES;
				GCC_WARN_UNINITIALIZED_AUTOS = YES_AGGRESSIVE;
				GCC_WARN_UNUSED_FUNCTION = YES;
				GCC_WARN_UNUSED_VARIABLE = YES;
				MACOSX_DEPLOYMENT_TARGET = 13.0;
				MTL_ENABLE_DEBUG_INFO = NO;
				MTL_FAST_MATH = YES;
				SDKROOT = macosx;
				SWIFT_COMPILATION_MODE = wholemodule;
				SWIFT_OPTIMIZATION_LEVEL = "-O";
			};
			name = Release;
		};
		E9B066F52A1D08F300BDDA48 /* Debug */ = {
			isa = XCBuildConfiguration;
			buildSettings = {
				ASSETCATALOG_COMPILER_APPICON_NAME = AppIcon;
				ASSETCATALOG_COMPILER_GLOBAL_ACCENT_COLOR_NAME = AccentColor;
				CODE_SIGN_ENTITLEMENTS = ChallengeMacarronada/ChallengeMacarronada.entitlements;
				CODE_SIGN_STYLE = Automatic;
				COMBINE_HIDPI_IMAGES = YES;
				CURRENT_PROJECT_VERSION = 1;
				DEVELOPMENT_ASSET_PATHS = "\"ChallengeMacarronada/Preview Content\"";
				DEVELOPMENT_TEAM = "";
				ENABLE_HARDENED_RUNTIME = YES;
				ENABLE_PREVIEWS = YES;
				GENERATE_INFOPLIST_FILE = YES;
				INFOPLIST_FILE = ChallengeMacarronada/Info.plist;
				INFOPLIST_KEY_LSUIElement = YES;
				INFOPLIST_KEY_NSHumanReadableCopyright = "";
				LD_RUNPATH_SEARCH_PATHS = (
					"$(inherited)",
					"@executable_path/../Frameworks",
				);
				MARKETING_VERSION = 1.0;
				PRODUCT_BUNDLE_IDENTIFIER = br.ufpe.cin.academy.tmc4.ChallengeMacarronada;
				PRODUCT_NAME = "$(TARGET_NAME)";
				SWIFT_EMIT_LOC_STRINGS = YES;
				SWIFT_VERSION = 5.0;
			};
			name = Debug;
		};
		E9B066F62A1D08F300BDDA48 /* Release */ = {
			isa = XCBuildConfiguration;
			buildSettings = {
				ASSETCATALOG_COMPILER_APPICON_NAME = AppIcon;
				ASSETCATALOG_COMPILER_GLOBAL_ACCENT_COLOR_NAME = AccentColor;
				CODE_SIGN_ENTITLEMENTS = ChallengeMacarronada/ChallengeMacarronada.entitlements;
				CODE_SIGN_STYLE = Automatic;
				COMBINE_HIDPI_IMAGES = YES;
				CURRENT_PROJECT_VERSION = 1;
				DEVELOPMENT_ASSET_PATHS = "\"ChallengeMacarronada/Preview Content\"";
				DEVELOPMENT_TEAM = "";
				ENABLE_HARDENED_RUNTIME = YES;
				ENABLE_PREVIEWS = YES;
				GENERATE_INFOPLIST_FILE = YES;
				INFOPLIST_FILE = ChallengeMacarronada/Info.plist;
				INFOPLIST_KEY_LSUIElement = YES;
				INFOPLIST_KEY_NSHumanReadableCopyright = "";
				LD_RUNPATH_SEARCH_PATHS = (
					"$(inherited)",
					"@executable_path/../Frameworks",
				);
				MARKETING_VERSION = 1.0;
				PRODUCT_BUNDLE_IDENTIFIER = br.ufpe.cin.academy.tmc4.ChallengeMacarronada;
				PRODUCT_NAME = "$(TARGET_NAME)";
				SWIFT_EMIT_LOC_STRINGS = YES;
				SWIFT_VERSION = 5.0;
			};
			name = Release;
		};
/* End XCBuildConfiguration section */

/* Begin XCConfigurationList section */
		E9B066E02A1D08F200BDDA48 /* Build configuration list for PBXProject "ChallengeMacarronada" */ = {
			isa = XCConfigurationList;
			buildConfigurations = (
				E9B066F22A1D08F300BDDA48 /* Debug */,
				E9B066F32A1D08F300BDDA48 /* Release */,
			);
			defaultConfigurationIsVisible = 0;
			defaultConfigurationName = Release;
		};
		E9B066F42A1D08F300BDDA48 /* Build configuration list for PBXNativeTarget "ChallengeMacarronada" */ = {
			isa = XCConfigurationList;
			buildConfigurations = (
				E9B066F52A1D08F300BDDA48 /* Debug */,
				E9B066F62A1D08F300BDDA48 /* Release */,
			);
			defaultConfigurationIsVisible = 0;
			defaultConfigurationName = Release;
		};
/* End XCConfigurationList section */

/* Begin XCVersionGroup section */
		8ACE96112A2643C70050C54D /* Macarronada.xcdatamodeld */ = {
			isa = XCVersionGroup;
			children = (
				8ACE96122A2643C70050C54D /* Macarronada.xcdatamodel */,
			);
			currentVersion = 8ACE96122A2643C70050C54D /* Macarronada.xcdatamodel */;
			path = Macarronada.xcdatamodeld;
			sourceTree = "<group>";
			versionGroupType = wrapper.xcdatamodel;
		};
/* End XCVersionGroup section */
	};
	rootObject = E9B066DD2A1D08F200BDDA48 /* Project object */;
}
